# This file was autogenerated by Stack.
# You should not edit this file by hand.
# For more information, please see the documentation at:
#   https://docs.haskellstack.org/en/stable/lock_files

packages:
- completed:
    commit: 05e214acfea4861975f2a8f9f1c71fb42e337155
    git: https://github.com/themoritz/servant-purescript.git
    name: servant-purescript
    pantry-tree:
      sha256: 49696889b063cd2035f8010be876bafeee24eb082d1088d3ae77d4118f166c79
      size: 2550
    version: 0.9.0.4
  original:
    commit: 05e214acfea4861975f2a8f9f1c71fb42e337155
    git: https://github.com/themoritz/servant-purescript.git
- completed:
    commit: ba65d36a940030efc5a7f155ebcb43f2464fed66
    git: https://github.com/themoritz/servant-subscriber.git
    name: servant-subscriber
    pantry-tree:
      sha256: 5eb310f48f454a9bf9c90a9215a51c945f429bf703e32900ff7a60fce253ead9
      size: 1275
    version: 0.7.0.0
  original:
    commit: ba65d36a940030efc5a7f155ebcb43f2464fed66
    git: https://github.com/themoritz/servant-subscriber.git
- completed:
    hackage: union-find-0.1@sha256:0e0cf12d94aaccc20f83a4f33378c2d5ae9e179e2442c0c558f0a9690920b597,1053
    pantry-tree:
      sha256: 08e4edbd38cdfda55037ca6e5feddc3ebc14fd48d738babba10a8d53fe779809
      size: 266
  original:
    hackage: union-find-0.1
snapshots:
- completed:
    sha256: fb482b8e2d5d061cdda4ba1da2957c012740c893a5ee1c1b99001adae7b1fbe7
    size: 640046
    url: https://raw.githubusercontent.com/commercialhaskell/stackage-snapshots/master/lts/21/19.yaml
  original: lts-21.19
